// !$*UTF8*$!
{
	archiveVersion = 1;
	classes = {
	};
	objectVersion = 46;
	objects = {

/* Begin PBXBuildFile section */
		945F9C2C1B6DB97200C8F7F2 /* RandomAnimalViewController.m in Sources */ = {isa = PBXBuildFile; fileRef = 945F9C2A1B6DB97200C8F7F2 /* RandomAnimalViewController.m */; };
		945F9C2D1B6DB97200C8F7F2 /* RandomAnimalViewController.xib in Resources */ = {isa = PBXBuildFile; fileRef = 945F9C2B1B6DB97200C8F7F2 /* RandomAnimalViewController.xib */; };
		945F9C311B6DBF1600C8F7F2 /* AppShared.m in Sources */ = {isa = PBXBuildFile; fileRef = 945F9C301B6DBF1600C8F7F2 /* AppShared.m */; };
		945F9C341B6DC01900C8F7F2 /* Animal.m in Sources */ = {isa = PBXBuildFile; fileRef = 945F9C331B6DC01900C8F7F2 /* Animal.m */; };
		945F9C381B6DC11500C8F7F2 /* AnimalStorage.m in Sources */ = {isa = PBXBuildFile; fileRef = 945F9C371B6DC11500C8F7F2 /* AnimalStorage.m */; };
		945F9C3C1B705BC300C8F7F2 /* AnimalRosterTableViewCell.m in Sources */ = {isa = PBXBuildFile; fileRef = 945F9C3A1B705BC300C8F7F2 /* AnimalRosterTableViewCell.m */; };
		945F9C3D1B705BC300C8F7F2 /* AnimalRosterTableViewCell.xib in Resources */ = {isa = PBXBuildFile; fileRef = 945F9C3B1B705BC300C8F7F2 /* AnimalRosterTableViewCell.xib */; };
		94F37B241B6D9FE00089A4D5 /* main.m in Sources */ = {isa = PBXBuildFile; fileRef = 94F37B231B6D9FE00089A4D5 /* main.m */; };
		94F37B271B6D9FE00089A4D5 /* AppDelegate.m in Sources */ = {isa = PBXBuildFile; fileRef = 94F37B261B6D9FE00089A4D5 /* AppDelegate.m */; };
		94F37B2A1B6D9FE00089A4D5 /* ViewController.m in Sources */ = {isa = PBXBuildFile; fileRef = 94F37B291B6D9FE00089A4D5 /* ViewController.m */; };
		94F37B2D1B6D9FE00089A4D5 /* Main.storyboard in Resources */ = {isa = PBXBuildFile; fileRef = 94F37B2B1B6D9FE00089A4D5 /* Main.storyboard */; };
		94F37B2F1B6D9FE00089A4D5 /* Images.xcassets in Resources */ = {isa = PBXBuildFile; fileRef = 94F37B2E1B6D9FE00089A4D5 /* Images.xcassets */; };
		94F37B321B6D9FE00089A4D5 /* LaunchScreen.xib in Resources */ = {isa = PBXBuildFile; fileRef = 94F37B301B6D9FE00089A4D5 /* LaunchScreen.xib */; };
		94F37B3E1B6D9FE00089A4D5 /* RandomAnimalTests.m in Sources */ = {isa = PBXBuildFile; fileRef = 94F37B3D1B6D9FE00089A4D5 /* RandomAnimalTests.m */; };
		94F37B4A1B6DA69C0089A4D5 /* AnimalRosterTableViewController.m in Sources */ = {isa = PBXBuildFile; fileRef = 94F37B481B6DA69C0089A4D5 /* AnimalRosterTableViewController.m */; };
		94F37B4B1B6DA69C0089A4D5 /* AnimalRosterTableViewController.xib in Resources */ = {isa = PBXBuildFile; fileRef = 94F37B491B6DA69C0089A4D5 /* AnimalRosterTableViewController.xib */; };
/* End PBXBuildFile section */

/* Begin PBXContainerItemProxy section */
		94F37B381B6D9FE00089A4D5 /* PBXContainerItemProxy */ = {
			isa = PBXContainerItemProxy;
			containerPortal = 94F37B161B6D9FDF0089A4D5 /* Project object */;
			proxyType = 1;
			remoteGlobalIDString = 94F37B1D1B6D9FDF0089A4D5;
			remoteInfo = RandomAnimal;
		};
/* End PBXContainerItemProxy section */

/* Begin PBXFileReference section */
		945F9C291B6DB97200C8F7F2 /* RandomAnimalViewController.h */ = {isa = PBXFileReference; fileEncoding = 4; lastKnownFileType = sourcecode.c.h; name = RandomAnimalViewController.h; path = RandomAnimalViewController/RandomAnimalViewController.h; sourceTree = "<group>"; };
		945F9C2A1B6DB97200C8F7F2 /* RandomAnimalViewController.m */ = {isa = PBXFileReference; fileEncoding = 4; lastKnownFileType = sourcecode.c.objc; name = RandomAnimalViewController.m; path = RandomAnimalViewController/RandomAnimalViewController.m; sourceTree = "<group>"; };
		945F9C2B1B6DB97200C8F7F2 /* RandomAnimalViewController.xib */ = {isa = PBXFileReference; fileEncoding = 4; lastKnownFileType = file.xib; name = RandomAnimalViewController.xib; path = RandomAnimalViewController/RandomAnimalViewController.xib; sourceTree = "<group>"; };
		945F9C2F1B6DBF1600C8F7F2 /* AppShared.h */ = {isa = PBXFileReference; fileEncoding = 4; lastKnownFileType = sourcecode.c.h; path = AppShared.h; sourceTree = "<group>"; };
		945F9C301B6DBF1600C8F7F2 /* AppShared.m */ = {isa = PBXFileReference; fileEncoding = 4; lastKnownFileType = sourcecode.c.objc; path = AppShared.m; sourceTree = "<group>"; };
		945F9C321B6DC01900C8F7F2 /* Animal.h */ = {isa = PBXFileReference; fileEncoding = 4; lastKnownFileType = sourcecode.c.h; name = Animal.h; path = Animal/Animal.h; sourceTree = "<group>"; };
		945F9C331B6DC01900C8F7F2 /* Animal.m */ = {isa = PBXFileReference; fileEncoding = 4; lastKnownFileType = sourcecode.c.objc; name = Animal.m; path = Animal/Animal.m; sourceTree = "<group>"; };
		945F9C361B6DC11500C8F7F2 /* AnimalStorage.h */ = {isa = PBXFileReference; fileEncoding = 4; lastKnownFileType = sourcecode.c.h; name = AnimalStorage.h; path = Animal/AnimalStorage.h; sourceTree = "<group>"; };
		945F9C371B6DC11500C8F7F2 /* AnimalStorage.m */ = {isa = PBXFileReference; fileEncoding = 4; lastKnownFileType = sourcecode.c.objc; name = AnimalStorage.m; path = Animal/AnimalStorage.m; sourceTree = "<group>"; };
		945F9C391B705BC300C8F7F2 /* AnimalRosterTableViewCell.h */ = {isa = PBXFileReference; fileEncoding = 4; lastKnownFileType = sourcecode.c.h; path = AnimalRosterTableViewCell.h; sourceTree = "<group>"; };
		945F9C3A1B705BC300C8F7F2 /* AnimalRosterTableViewCell.m */ = {isa = PBXFileReference; fileEncoding = 4; lastKnownFileType = sourcecode.c.objc; path = AnimalRosterTableViewCell.m; sourceTree = "<group>"; };
		945F9C3B1B705BC300C8F7F2 /* AnimalRosterTableViewCell.xib */ = {isa = PBXFileReference; fileEncoding = 4; lastKnownFileType = file.xib; path = AnimalRosterTableViewCell.xib; sourceTree = "<group>"; };
		94F37B1E1B6D9FDF0089A4D5 /* RandomAnimal.app */ = {isa = PBXFileReference; explicitFileType = wrapper.application; includeInIndex = 0; path = RandomAnimal.app; sourceTree = BUILT_PRODUCTS_DIR; };
		94F37B221B6D9FE00089A4D5 /* Info.plist */ = {isa = PBXFileReference; lastKnownFileType = text.plist.xml; path = Info.plist; sourceTree = "<group>"; };
		94F37B231B6D9FE00089A4D5 /* main.m */ = {isa = PBXFileReference; lastKnownFileType = sourcecode.c.objc; path = main.m; sourceTree = "<group>"; };
		94F37B251B6D9FE00089A4D5 /* AppDelegate.h */ = {isa = PBXFileReference; lastKnownFileType = sourcecode.c.h; path = AppDelegate.h; sourceTree = "<group>"; };
		94F37B261B6D9FE00089A4D5 /* AppDelegate.m */ = {isa = PBXFileReference; lastKnownFileType = sourcecode.c.objc; path = AppDelegate.m; sourceTree = "<group>"; };
		94F37B281B6D9FE00089A4D5 /* ViewController.h */ = {isa = PBXFileReference; lastKnownFileType = sourcecode.c.h; path = ViewController.h; sourceTree = "<group>"; };
		94F37B291B6D9FE00089A4D5 /* ViewController.m */ = {isa = PBXFileReference; lastKnownFileType = sourcecode.c.objc; path = ViewController.m; sourceTree = "<group>"; };
		94F37B2C1B6D9FE00089A4D5 /* Base */ = {isa = PBXFileReference; lastKnownFileType = file.storyboard; name = Base; path = Base.lproj/Main.storyboard; sourceTree = "<group>"; };
		94F37B2E1B6D9FE00089A4D5 /* Images.xcassets */ = {isa = PBXFileReference; lastKnownFileType = folder.assetcatalog; path = Images.xcassets; sourceTree = "<group>"; };
		94F37B311B6D9FE00089A4D5 /* Base */ = {isa = PBXFileReference; lastKnownFileType = file.xib; name = Base; path = Base.lproj/LaunchScreen.xib; sourceTree = "<group>"; };
		94F37B371B6D9FE00089A4D5 /* RandomAnimalTests.xctest */ = {isa = PBXFileReference; explicitFileType = wrapper.cfbundle; includeInIndex = 0; path = RandomAnimalTests.xctest; sourceTree = BUILT_PRODUCTS_DIR; };
		94F37B3C1B6D9FE00089A4D5 /* Info.plist */ = {isa = PBXFileReference; lastKnownFileType = text.plist.xml; path = Info.plist; sourceTree = "<group>"; };
		94F37B3D1B6D9FE00089A4D5 /* RandomAnimalTests.m */ = {isa = PBXFileReference; lastKnownFileType = sourcecode.c.objc; path = RandomAnimalTests.m; sourceTree = "<group>"; };
		94F37B471B6DA69C0089A4D5 /* AnimalRosterTableViewController.h */ = {isa = PBXFileReference; fileEncoding = 4; lastKnownFileType = sourcecode.c.h; name = AnimalRosterTableViewController.h; path = RandomAnimal/AnimalRosterTableViewController.h; sourceTree = "<group>"; };
		94F37B481B6DA69C0089A4D5 /* AnimalRosterTableViewController.m */ = {isa = PBXFileReference; fileEncoding = 4; lastKnownFileType = sourcecode.c.objc; name = AnimalRosterTableViewController.m; path = RandomAnimal/AnimalRosterTableViewController.m; sourceTree = "<group>"; };
		94F37B491B6DA69C0089A4D5 /* AnimalRosterTableViewController.xib */ = {isa = PBXFileReference; fileEncoding = 4; lastKnownFileType = file.xib; name = AnimalRosterTableViewController.xib; path = RandomAnimal/AnimalRosterTableViewController.xib; sourceTree = "<group>"; };
/* End PBXFileReference section */

/* Begin PBXFrameworksBuildPhase section */
		94F37B1B1B6D9FDF0089A4D5 /* Frameworks */ = {
			isa = PBXFrameworksBuildPhase;
			buildActionMask = 2147483647;
			files = (
			);
			runOnlyForDeploymentPostprocessing = 0;
		};
		94F37B341B6D9FE00089A4D5 /* Frameworks */ = {
			isa = PBXFrameworksBuildPhase;
			buildActionMask = 2147483647;
			files = (
			);
			runOnlyForDeploymentPostprocessing = 0;
		};
/* End PBXFrameworksBuildPhase section */

/* Begin PBXGroup section */
		945F9C2E1B6DB97A00C8F7F2 /* RandomAnimalViewController */ = {
			isa = PBXGroup;
			children = (
				945F9C291B6DB97200C8F7F2 /* RandomAnimalViewController.h */,
				945F9C2A1B6DB97200C8F7F2 /* RandomAnimalViewController.m */,
				945F9C2B1B6DB97200C8F7F2 /* RandomAnimalViewController.xib */,
			);
			name = RandomAnimalViewController;
			sourceTree = "<group>";
		};
		945F9C351B6DC01F00C8F7F2 /* Animal */ = {
			isa = PBXGroup;
			children = (
				945F9C321B6DC01900C8F7F2 /* Animal.h */,
				945F9C331B6DC01900C8F7F2 /* Animal.m */,
				945F9C361B6DC11500C8F7F2 /* AnimalStorage.h */,
				945F9C371B6DC11500C8F7F2 /* AnimalStorage.m */,
			);
			name = Animal;
			sourceTree = "<group>";
		};
		94F37B151B6D9FDF0089A4D5 = {
			isa = PBXGroup;
			children = (
				945F9C351B6DC01F00C8F7F2 /* Animal */,
				945F9C2E1B6DB97A00C8F7F2 /* RandomAnimalViewController */,
				94F37B4C1B6DA6A90089A4D5 /* AnimalRoster */,
				94F37B201B6D9FDF0089A4D5 /* RandomAnimal */,
				94F37B3A1B6D9FE00089A4D5 /* RandomAnimalTests */,
				94F37B1F1B6D9FDF0089A4D5 /* Products */,
			);
			sourceTree = "<group>";
		};
		94F37B1F1B6D9FDF0089A4D5 /* Products */ = {
			isa = PBXGroup;
			children = (
				94F37B1E1B6D9FDF0089A4D5 /* RandomAnimal.app */,
				94F37B371B6D9FE00089A4D5 /* RandomAnimalTests.xctest */,
			);
			name = Products;
			sourceTree = "<group>";
		};
		94F37B201B6D9FDF0089A4D5 /* RandomAnimal */ = {
			isa = PBXGroup;
			children = (
				945F9C2F1B6DBF1600C8F7F2 /* AppShared.h */,
				945F9C301B6DBF1600C8F7F2 /* AppShared.m */,
				94F37B251B6D9FE00089A4D5 /* AppDelegate.h */,
				94F37B261B6D9FE00089A4D5 /* AppDelegate.m */,
				94F37B281B6D9FE00089A4D5 /* ViewController.h */,
				94F37B291B6D9FE00089A4D5 /* ViewController.m */,
				94F37B2B1B6D9FE00089A4D5 /* Main.storyboard */,
				94F37B2E1B6D9FE00089A4D5 /* Images.xcassets */,
				94F37B301B6D9FE00089A4D5 /* LaunchScreen.xib */,
				94F37B211B6D9FDF0089A4D5 /* Supporting Files */,
			);
			path = RandomAnimal;
			sourceTree = "<group>";
		};
		94F37B211B6D9FDF0089A4D5 /* Supporting Files */ = {
			isa = PBXGroup;
			children = (
				94F37B221B6D9FE00089A4D5 /* Info.plist */,
				94F37B231B6D9FE00089A4D5 /* main.m */,
			);
			name = "Supporting Files";
			sourceTree = "<group>";
		};
		94F37B3A1B6D9FE00089A4D5 /* RandomAnimalTests */ = {
			isa = PBXGroup;
			children = (
				94F37B3D1B6D9FE00089A4D5 /* RandomAnimalTests.m */,
				94F37B3B1B6D9FE00089A4D5 /* Supporting Files */,
			);
			path = RandomAnimalTests;
			sourceTree = "<group>";
		};
		94F37B3B1B6D9FE00089A4D5 /* Supporting Files */ = {
			isa = PBXGroup;
			children = (
				94F37B3C1B6D9FE00089A4D5 /* Info.plist */,
			);
			name = "Supporting Files";
			sourceTree = "<group>";
		};
		94F37B4C1B6DA6A90089A4D5 /* AnimalRoster */ = {
			isa = PBXGroup;
			children = (
				945F9C391B705BC300C8F7F2 /* AnimalRosterTableViewCell.h */,
				945F9C3A1B705BC300C8F7F2 /* AnimalRosterTableViewCell.m */,
				945F9C3B1B705BC300C8F7F2 /* AnimalRosterTableViewCell.xib */,
				94F37B471B6DA69C0089A4D5 /* AnimalRosterTableViewController.h */,
				94F37B481B6DA69C0089A4D5 /* AnimalRosterTableViewController.m */,
				94F37B491B6DA69C0089A4D5 /* AnimalRosterTableViewController.xib */,
			);
			name = AnimalRoster;
			sourceTree = "<group>";
		};
/* End PBXGroup section */

/* Begin PBXNativeTarget section */
		94F37B1D1B6D9FDF0089A4D5 /* RandomAnimal */ = {
			isa = PBXNativeTarget;
			buildConfigurationList = 94F37B411B6D9FE00089A4D5 /* Build configuration list for PBXNativeTarget "RandomAnimal" */;
			buildPhases = (
				94F37B1A1B6D9FDF0089A4D5 /* Sources */,
				94F37B1B1B6D9FDF0089A4D5 /* Frameworks */,
				94F37B1C1B6D9FDF0089A4D5 /* Resources */,
			);
			buildRules = (
			);
			dependencies = (
			);
			name = RandomAnimal;
			productName = RandomAnimal;
			productReference = 94F37B1E1B6D9FDF0089A4D5 /* RandomAnimal.app */;
			productType = "com.apple.product-type.application";
		};
		94F37B361B6D9FE00089A4D5 /* RandomAnimalTests */ = {
			isa = PBXNativeTarget;
			buildConfigurationList = 94F37B441B6D9FE00089A4D5 /* Build configuration list for PBXNativeTarget "RandomAnimalTests" */;
			buildPhases = (
				94F37B331B6D9FE00089A4D5 /* Sources */,
				94F37B341B6D9FE00089A4D5 /* Frameworks */,
				94F37B351B6D9FE00089A4D5 /* Resources */,
			);
			buildRules = (
			);
			dependencies = (
				94F37B391B6D9FE00089A4D5 /* PBXTargetDependency */,
			);
			name = RandomAnimalTests;
			productName = RandomAnimalTests;
			productReference = 94F37B371B6D9FE00089A4D5 /* RandomAnimalTests.xctest */;
			productType = "com.apple.product-type.bundle.unit-test";
		};
/* End PBXNativeTarget section */

/* Begin PBXProject section */
		94F37B161B6D9FDF0089A4D5 /* Project object */ = {
			isa = PBXProject;
			attributes = {
				LastUpgradeCheck = 0640;
				ORGANIZATIONNAME = "Engby LLC";
				TargetAttributes = {
					94F37B1D1B6D9FDF0089A4D5 = {
						CreatedOnToolsVersion = 6.4;
					};
					94F37B361B6D9FE00089A4D5 = {
						CreatedOnToolsVersion = 6.4;
						TestTargetID = 94F37B1D1B6D9FDF0089A4D5;
					};
				};
			};
			buildConfigurationList = 94F37B191B6D9FDF0089A4D5 /* Build configuration list for PBXProject "RandomAnimal" */;
			compatibilityVersion = "Xcode 3.2";
			developmentRegion = English;
			hasScannedForEncodings = 0;
			knownRegions = (
				en,
				Base,
			);
			mainGroup = 94F37B151B6D9FDF0089A4D5;
			productRefGroup = 94F37B1F1B6D9FDF0089A4D5 /* Products */;
			projectDirPath = "";
			projectRoot = "";
			targets = (
				94F37B1D1B6D9FDF0089A4D5 /* RandomAnimal */,
				94F37B361B6D9FE00089A4D5 /* RandomAnimalTests */,
			);
		};
/* End PBXProject section */

/* Begin PBXResourcesBuildPhase section */
		94F37B1C1B6D9FDF0089A4D5 /* Resources */ = {
			isa = PBXResourcesBuildPhase;
			buildActionMask = 2147483647;
			files = (
				945F9C3D1B705BC300C8F7F2 /* AnimalRosterTableViewCell.xib in Resources */,
				945F9C2D1B6DB97200C8F7F2 /* RandomAnimalViewController.xib in Resources */,
				94F37B4B1B6DA69C0089A4D5 /* AnimalRosterTableViewController.xib in Resources */,
				94F37B2D1B6D9FE00089A4D5 /* Main.storyboard in Resources */,
				94F37B321B6D9FE00089A4D5 /* LaunchScreen.xib in Resources */,
				94F37B2F1B6D9FE00089A4D5 /* Images.xcassets in Resources */,
			);
			runOnlyForDeploymentPostprocessing = 0;
		};
		94F37B351B6D9FE00089A4D5 /* Resources */ = {
			isa = PBXResourcesBuildPhase;
			buildActionMask = 2147483647;
			files = (
			);
			runOnlyForDeploymentPostprocessing = 0;
		};
/* End PBXResourcesBuildPhase section */

/* Begin PBXSourcesBuildPhase section */
		94F37B1A1B6D9FDF0089A4D5 /* Sources */ = {
			isa = PBXSourcesBuildPhase;
			buildActionMask = 2147483647;
			files = (
				945F9C311B6DBF1600C8F7F2 /* AppShared.m in Sources */,
				945F9C381B6DC11500C8F7F2 /* AnimalStorage.m in Sources */,
				94F37B4A1B6DA69C0089A4D5 /* AnimalRosterTableViewController.m in Sources */,
				945F9C2C1B6DB97200C8F7F2 /* RandomAnimalViewController.m in Sources */,
				94F37B2A1B6D9FE00089A4D5 /* ViewController.m in Sources */,
				945F9C341B6DC01900C8F7F2 /* Animal.m in Sources */,
				945F9C3C1B705BC300C8F7F2 /* AnimalRosterTableViewCell.m in Sources */,
				94F37B271B6D9FE00089A4D5 /* AppDelegate.m in Sources */,
				94F37B241B6D9FE00089A4D5 /* main.m in Sources */,
			);
			runOnlyForDeploymentPostprocessing = 0;
		};
		94F37B331B6D9FE00089A4D5 /* Sources */ = {
			isa = PBXSourcesBuildPhase;
			buildActionMask = 2147483647;
			files = (
				94F37B3E1B6D9FE00089A4D5 /* RandomAnimalTests.m in Sources */,
			);
			runOnlyForDeploymentPostprocessing = 0;
		};
/* End PBXSourcesBuildPhase section */

/* Begin PBXTargetDependency section */
		94F37B391B6D9FE00089A4D5 /* PBXTargetDependency */ = {
			isa = PBXTargetDependency;
			target = 94F37B1D1B6D9FDF0089A4D5 /* RandomAnimal */;
			targetProxy = 94F37B381B6D9FE00089A4D5 /* PBXContainerItemProxy */;
		};
/* End PBXTargetDependency section */

/* Begin PBXVariantGroup section */
		94F37B2B1B6D9FE00089A4D5 /* Main.storyboard */ = {
			isa = PBXVariantGroup;
			children = (
				94F37B2C1B6D9FE00089A4D5 /* Base */,
			);
			name = Main.storyboard;
			sourceTree = "<group>";
		};
		94F37B301B6D9FE00089A4D5 /* LaunchScreen.xib */ = {
			isa = PBXVariantGroup;
			children = (
				94F37B311B6D9FE00089A4D5 /* Base */,
			);
			name = LaunchScreen.xib;
			sourceTree = "<group>";
		};
/* End PBXVariantGroup section */

/* Begin XCBuildConfiguration section */
		94F37B3F1B6D9FE00089A4D5 /* Debug */ = {
			isa = XCBuildConfiguration;
			buildSettings = {
				ALWAYS_SEARCH_USER_PATHS = NO;
				CLANG_CXX_LANGUAGE_STANDARD = "gnu++0x";
				CLANG_CXX_LIBRARY = "libc++";
				CLANG_ENABLE_MODULES = YES;
				CLANG_ENABLE_OBJC_ARC = YES;
				CLANG_WARN_BOOL_CONVERSION = YES;
				CLANG_WARN_CONSTANT_CONVERSION = YES;
				CLANG_WARN_DIRECT_OBJC_ISA_USAGE = YES_ERROR;
				CLANG_WARN_EMPTY_BODY = YES;
				CLANG_WARN_ENUM_CONVERSION = YES;
				CLANG_WARN_INT_CONVERSION = YES;
				CLANG_WARN_OBJC_ROOT_CLASS = YES_ERROR;
				CLANG_WARN_UNREACHABLE_CODE = YES;
				CLANG_WARN__DUPLICATE_METHOD_MATCH = YES;
				"CODE_SIGN_IDENTITY[sdk=iphoneos*]" = "iPhone Developer";
				COPY_PHASE_STRIP = NO;
				DEBUG_INFORMATION_FORMAT = "dwarf-with-dsym";
				ENABLE_STRICT_OBJC_MSGSEND = YES;
				GCC_C_LANGUAGE_STANDARD = gnu99;
				GCC_DYNAMIC_NO_PIC = NO;
				GCC_NO_COMMON_BLOCKS = YES;
				GCC_OPTIMIZATION_LEVEL = 0;
				GCC_PREPROCESSOR_DEFINITIONS = (
					"DEBUG=1",
					"$(inherited)",
				);
				GCC_SYMBOLS_PRIVATE_EXTERN = NO;
				GCC_WARN_64_TO_32_BIT_CONVERSION = YES;
				GCC_WARN_ABOUT_RETURN_TYPE = YES_ERROR;
				GCC_WARN_UNDECLARED_SELECTOR = YES;
				GCC_WARN_UNINITIALIZED_AUTOS = YES_AGGRESSIVE;
				GCC_WARN_UNUSED_FUNCTION = YES;
				GCC_WARN_UNUSED_VARIABLE = YES;
				IPHONEOS_DEPLOYMENT_TARGET = 8.4;
				MTL_ENABLE_DEBUG_INFO = YES;
				ONLY_ACTIVE_ARCH = YES;
				SDKROOT = iphoneos;
				TARGETED_DEVICE_FAMILY = "1,2";
			};
			name = Debug;
		};
		94F37B401B6D9FE00089A4D5 /* Release */ = {
			isa = XCBuildConfiguration;
			buildSettings = {
				ALWAYS_SEARCH_USER_PATHS = NO;
				CLANG_CXX_LANGUAGE_STANDARD = "gnu++0x";
				CLANG_CXX_LIBRARY = "libc++";
				CLANG_ENABLE_MODULES = YES;
				CLANG_ENABLE_OBJC_ARC = YES;
				CLANG_WARN_BOOL_CONVERSION = YES;
				CLANG_WARN_CONSTANT_CONVERSION = YES;
				CLANG_WARN_DIRECT_OBJC_ISA_USAGE = YES_ERROR;
				CLANG_WARN_EMPTY_BODY = YES;
				CLANG_WARN_ENUM_CONVERSION = YES;
				CLANG_WARN_INT_CONVERSION = YES;
				CLANG_WARN_OBJC_ROOT_CLASS = YES_ERROR;
				CLANG_WARN_UNREACHABLE_CODE = YES;
				CLANG_WARN__DUPLICATE_METHOD_MATCH = YES;
				"CODE_SIGN_IDENTITY[sdk=iphoneos*]" = "iPhone Developer";
				COPY_PHASE_STRIP = NO;
				DEBUG_INFORMATION_FORMAT = "dwarf-with-dsym";
				ENABLE_NS_ASSERTIONS = NO;
				ENABLE_STRICT_OBJC_MSGSEND = YES;
				GCC_C_LANGUAGE_STANDARD = gnu99;
				GCC_NO_COMMON_BLOCKS = YES;
				GCC_WARN_64_TO_32_BIT_CONVERSION = YES;
				GCC_WARN_ABOUT_RETURN_TYPE = YES_ERROR;
				GCC_WARN_UNDECLARED_SELECTOR = YES;
				GCC_WARN_UNINITIALIZED_AUTOS = YES_AGGRESSIVE;
				GCC_WARN_UNUSED_FUNCTION = YES;
				GCC_WARN_UNUSED_VARIABLE = YES;
				IPHONEOS_DEPLOYMENT_TARGET = 8.4;
				MTL_ENABLE_DEBUG_INFO = NO;
				SDKROOT = iphoneos;
				TARGETED_DEVICE_FAMILY = "1,2";
				VALIDATE_PRODUCT = YES;
			};
			name = Release;
		};
		94F37B421B6D9FE00089A4D5 /* Debug */ = {
			isa = XCBuildConfiguration;
			buildSettings = {
				ASSETCATALOG_COMPILER_APPICON_NAME = AppIcon;
				INFOPLIST_FILE = RandomAnimal/Info.plist;
				LD_RUNPATH_SEARCH_PATHS = "$(inherited) @executable_path/Frameworks";
				PRODUCT_NAME = "$(TARGET_NAME)";
				TARGETED_DEVICE_FAMILY = 1;
			};
			name = Debug;
		};
		94F37B431B6D9FE00089A4D5 /* Release */ = {
			isa = XCBuildConfiguration;
			buildSettings = {
				ASSETCATALOG_COMPILER_APPICON_NAME = AppIcon;
				INFOPLIST_FILE = RandomAnimal/Info.plist;
				LD_RUNPATH_SEARCH_PATHS = "$(inherited) @executable_path/Frameworks";
				PRODUCT_NAME = "$(TARGET_NAME)";
				TARGETED_DEVICE_FAMILY = 1;
			};
			name = Release;
		};
		94F37B451B6D9FE00089A4D5 /* Debug */ = {
			isa = XCBuildConfiguration;
			buildSettings = {
				BUNDLE_LOADER = "$(TEST_HOST)";
				FRAMEWORK_SEARCH_PATHS = (
					"$(SDKROOT)/Developer/Library/Frameworks",
					"$(inherited)",
				);
				GCC_PREPROCESSOR_DEFINITIONS = (
					"DEBUG=1",
					"$(inherited)",
				);
				INFOPLIST_FILE = RandomAnimalTests/Info.plist;
				LD_RUNPATH_SEARCH_PATHS = "$(inherited) @executable_path/Frameworks @loader_path/Frameworks";
				PRODUCT_NAME = "$(TARGET_NAME)";
				TEST_HOST = "$(BUILT_PRODUCTS_DIR)/RandomAnimal.app/RandomAnimal";
			};
			name = Debug;
		};
		94F37B461B6D9FE00089A4D5 /* Release */ = {
			isa = XCBuildConfiguration;
			buildSettings = {
				BUNDLE_LOADER = "$(TEST_HOST)";
				FRAMEWORK_SEARCH_PATHS = (
					"$(SDKROOT)/Developer/Library/Frameworks",
					"$(inherited)",
				);
				INFOPLIST_FILE = RandomAnimalTests/Info.plist;
				LD_RUNPATH_SEARCH_PATHS = "$(inherited) @executable_path/Frameworks @loader_path/Frameworks";
				PRODUCT_NAME = "$(TARGET_NAME)";
				TEST_HOST = "$(BUILT_PRODUCTS_DIR)/RandomAnimal.app/RandomAnimal";
			};
			name = Release;
		};
/* End XCBuildConfiguration section */

/* Begin XCConfigurationList section */
		94F37B191B6D9FDF0089A4D5 /* Build configuration list for PBXProject "RandomAnimal" */ = {
			isa = XCConfigurationList;
			buildConfigurations = (
				94F37B3F1B6D9FE00089A4D5 /* Debug */,
				94F37B401B6D9FE00089A4D5 /* Release */,
			);
			defaultConfigurationIsVisible = 0;
			defaultConfigurationName = Release;
		};
		94F37B411B6D9FE00089A4D5 /* Build configuration list for PBXNativeTarget "RandomAnimal" */ = {
			isa = XCConfigurationList;
			buildConfigurations = (
				94F37B421B6D9FE00089A4D5 /* Debug */,
				94F37B431B6D9FE00089A4D5 /* Release */,
			);
			defaultConfigurationIsVisible = 0;
			defaultConfigurationName = Release;
		};
		94F37B441B6D9FE00089A4D5 /* Build configuration list for PBXNativeTarget "RandomAnimalTests" */ = {
			isa = XCConfigurationList;
			buildConfigurations = (
				94F37B451B6D9FE00089A4D5 /* Debug */,
				94F37B461B6D9FE00089A4D5 /* Release */,
			);
			defaultConfigurationIsVisible = 0;
			defaultConfigurationName = Release;
		};
/* End XCConfigurationList section */
	};
	rootObject = 94F37B161B6D9FDF0089A4D5 /* Project object */;
}
